{
  "name": "Machine-Deep-Learning",
  "lockfileVersion": 3,
  "requires": true,
  "packages": {
    "": {
      "dependencies": {
        "humannames": "^1.0.5"
      }
    },
    "node_modules/humannames": {
      "version": "1.0.5",
      "resolved": "https://registry.npmjs.org/humannames/-/humannames-1.0.5.tgz",
      "integrity": "sha512-FArOOhsfu1Rzc6wj8TZWTEpO/+TQOqhU0YNx+IyRaScE7HVanOwn8knN1OjjUngJOLaRqFSLjX0EzvMiNnT7zw=="
    }
  }
}
